<?xml version="1.0" encoding="utf-8"?>
<Project ToolsVersion="4.0" xmlns="http://schemas.microsoft.com/developer/msbuild/2003">
  <ItemGroup>
    <Filter Include="Source Files">
      <UniqueIdentifier>{4FC737F1-C7A5-4376-A066-2A32D752A2FF}</UniqueIdentifier>
      <Extensions>cpp;c;cc;cxx;def;odl;idl;hpj;bat;asm;asmx</Extensions>
    </Filter>
    <Filter Include="Header Files">
      <UniqueIdentifier>{93995380-89BD-4b04-88EB-625FBE52EBFB}</UniqueIdentifier>
      <Extensions>h;hh;hpp;hxx;hm;inl;inc;ipp;xsd</Extensions>
    </Filter>
    <Filter Include="Resource Files">
      <UniqueIdentifier>{67DA6AB6-F800-4c08-8B7A-83BB121AAD01}</UniqueIdentifier>
      <Extensions>rc;ico;cur;bmp;dlg;rc2;rct;bin;rgs;gif;jpg;jpeg;jpe;resx;tiff;tif;png;wav;mfcribbon-ms</Extensions>
    </Filter>
  </ItemGroup>
  <ItemGroup>
    <ClInclude Include="linker.h">
      <Filter>Header Files</Filter>
    </ClInclude>
    <ClInclude Include="src\Cursor.h">
      <Filter>Header Files</Filter>
    </ClInclude>
    <ClInclude Include="src\ImplementationUtils.h">
      <Filter>Header Files</Filter>
    </ClInclude>
    <ClInclude Include="src\InputController.h">
      <Filter>Header Files</Filter>
    </ClInclude>
    <ClInclude Include="src\SelectionData.h">
      <Filter>Header Files</Filter>
    </ClInclude>
    <ClInclude Include="src\SpecialChars.h">
      <Filter>Header Files</Filter>
    </ClInclude>
    <ClInclude Include="src\TextDocument.h">
      <Filter>Header Files</Filter>
    </ClInclude>
    <ClInclude Include="src\TextView.h">
      <Filter>Header Files</Filter>
    </ClInclude>
    <ClInclude Include="src\TextViewContent.h">
      <Filter>Header Files</Filter>
    </ClInclude>
  </ItemGroup>
  <ItemGroup>
    <ClCompile Include="src\Cursor.cpp">
      <Filter>Source Files</Filter>
    </ClCompile>
    <ClCompile Include="src\ImplementationUtils.cpp">
      <Filter>Source Files</Filter>
    </ClCompile>
    <ClCompile Include="src\InputController.cpp">
      <Filter>Source Files</Filter>
    </ClCompile>
    <ClCompile Include="src\SelectionData.cpp">
      <Filter>Source Files</Filter>
    </ClCompile>
    <ClCompile Include="src\SpecialChars.cpp">
      <Filter>Source Files</Filter>
    </ClCompile>
    <ClCompile Include="src\TextDocument.cpp">
      <Filter>Source Files</Filter>
    </ClCompile>
    <ClCompile Include="src\TextView.cpp">
      <Filter>Source Files</Filter>
    </ClCompile>
    <ClCompile Include="src\TextViewContent.cpp">
      <Filter>Source Files</Filter>
    </ClCompile>
    <ClCompile Include="main.cpp">
      <Filter>Source Files</Filter>
    </ClCompile>
  </ItemGroup>
</Project>